
Microsoft Visual Studio Solution File, Format Version 12.00
# Visual Studio 14
VisualStudioVersion = 14.0.25123.0
MinimumVisualStudioVersion = 10.0.40219.1
Project("{FAE04EC0-301F-11D3-BF4B-00C04F79EFBC}") = "Sugon.CompanyRelation.Web", "Sugon.CompanyRelation.Web\Sugon.CompanyRelation.Web.csproj", "{44F1C51D-8A75-4CC6-91D7-2F6108F52A06}"
EndProject
Project("{FAE04EC0-301F-11D3-BF4B-00C04F79EFBC}") = "Sugon.CompanyRelation.DataAccess", "Sugon.CompanyRelation.DataAccess\Sugon.CompanyRelation.DataAccess.csproj", "{7AA9D456-886A-46CF-951C-19DE1D6BFD6E}"
EndProject
Project("{FAE04EC0-301F-11D3-BF4B-00C04F79EFBC}") = "Sugon.CompanyRelation.WcfService", "Sugon.CompanyRelation.WcfService\Sugon.CompanyRelation.WcfService.csproj", "{0A32690F-43F7-45D9-80C8-AC3013C774B0}"
EndProject
Global
	GlobalSection(SolutionConfigurationPlatforms) = preSolution
		Debug|Any CPU = Debug|Any CPU
		Release|Any CPU = Release|Any CPU
	EndGlobalSection
	GlobalSection(ProjectConfigurationPlatforms) = postSolution
		{44F1C51D-8A75-4CC6-91D7-2F6108F52A06}.Debug|Any CPU.ActiveCfg = Debug|Any CPU
		{44F1C51D-8A75-4CC6-91D7-2F6108F52A06}.Debug|Any CPU.Build.0 = Debug|Any CPU
		{44F1C51D-8A75-4CC6-91D7-2F6108F52A06}.Release|Any CPU.ActiveCfg = Release|Any CPU
		{44F1C51D-8A75-4CC6-91D7-2F6108F52A06}.Release|Any CPU.Build.0 = Release|Any CPU
		{7AA9D456-886A-46CF-951C-19DE1D6BFD6E}.Debug|Any CPU.ActiveCfg = Debug|Any CPU
		{7AA9D456-886A-46CF-951C-19DE1D6BFD6E}.Debug|Any CPU.Build.0 = Debug|Any CPU
		{7AA9D456-886A-46CF-951C-19DE1D6BFD6E}.Release|Any CPU.ActiveCfg = Release|Any CPU
		{7AA9D456-886A-46CF-951C-19DE1D6BFD6E}.Release|Any CPU.Build.0 = Release|Any CPU
		{0A32690F-43F7-45D9-80C8-AC3013C774B0}.Debug|Any CPU.ActiveCfg = Debug|Any CPU
		{0A32690F-43F7-45D9-80C8-AC3013C774B0}.Debug|Any CPU.Build.0 = Debug|Any CPU
		{0A32690F-43F7-45D9-80C8-AC3013C774B0}.Release|Any CPU.ActiveCfg = Release|Any CPU
		{0A32690F-43F7-45D9-80C8-AC3013C774B0}.Release|Any CPU.Build.0 = Release|Any CPU
	EndGlobalSection
	GlobalSection(SolutionProperties) = preSolution
		HideSolutionNode = FALSE
	EndGlobalSection
	GlobalSection(TeamFoundationVersionControl) = preSolution
		SccNumberOfProjects = 4
		SccEnterpriseProvider = {4CA58AB2-18FA-4F8D-95D4-32DDF27D184C}
		SccTeamFoundationServer = http://win-3voek3ntdsd:8080/tfs/defaultcollection
		SccLocalPath0 = .
		SccProjectUniqueName1 = Sugon.CompanyRelation.DataAccess\\Sugon.CompanyRelation.DataAccess.csproj
		SccProjectName1 = Sugon.CompanyRelation.DataAccess
		SccLocalPath1 = Sugon.CompanyRelation.DataAccess
		SccProjectUniqueName2 = Sugon.CompanyRelation.WcfService\\Sugon.CompanyRelation.WcfService.csproj
		SccProjectName2 = Sugon.CompanyRelation.WcfService
		SccLocalPath2 = Sugon.CompanyRelation.WcfService
		SccProjectUniqueName3 = Sugon.CompanyRelation.Web\\Sugon.CompanyRelation.Web.csproj
		SccProjectName3 = Sugon.CompanyRelation.Web
		SccLocalPath3 = Sugon.CompanyRelation.Web
	EndGlobalSection
EndGlobal
